{
  "name": "tank-damage-simulator",
  "version": "0.1.0",
  "lockfileVersion": 3,
  "requires": true,
  "packages": {
    "": {
      "name": "tank-damage-simulator",
      "version": "0.1.0",
      "workspaces": [
        "packages/*"
      ],
      "devDependencies": {
        "typescript": "^5.4.5"
      }
    },
    "node_modules/@tank-sim/dev-viewer": {
      "resolved": "packages/dev-viewer",
      "link": true
    },
    "node_modules/@tank-sim/shared": {
      "resolved": "packages/shared",
      "link": true
    },
    "node_modules/@tank-sim/sim-core": {
      "resolved": "packages/sim-core",
      "link": true
    },
    "node_modules/typescript": {
      "version": "5.9.3",
      "resolved": "https://registry.npmjs.org/typescript/-/typescript-5.9.3.tgz",
      "integrity": "sha512-jl1vZzPDinLr9eUt3J/t7V6FgNEw9QjvBPdysz9KfQDD41fQrC2Y4vKQdiaUpFT4bXlb1RHhLpp8wtm6M5TgSw==",
      "dev": true,
      "license": "Apache-2.0",
      "bin": {
        "tsc": "bin/tsc",
        "tsserver": "bin/tsserver"
      },
      "engines": {
        "node": ">=14.17"
      }
    },
    "packages/dev-viewer": {
      "name": "@tank-sim/dev-viewer",
      "version": "0.1.0",
      "dependencies": {
        "@tank-sim/shared": "0.1.0"
      }
    },
    "packages/shared": {
      "name": "@tank-sim/shared",
      "version": "0.1.0"
    },
    "packages/sim-core": {
      "name": "@tank-sim/sim-core",
      "version": "0.1.0",
      "dependencies": {
        "@tank-sim/shared": "0.1.0"
      }
    }
  }
}
